
Microsoft Visual Studio Solution File, Format Version 12.00
# Visual Studio Version 16
VisualStudioVersion = 16.0.30804.86
MinimumVisualStudioVersion = 10.0.40219.1
Project("{9A19103F-16F7-4668-BE54-9A1E7A4F7556}") = "XUnit_Conditional_Fact", "XUnit_Conditional_Fact\XUnit_Conditional_Fact.csproj", "{127F07A8-1804-4720-B6EB-EA453CBEDBBC}"
EndProject
Project("{9A19103F-16F7-4668-BE54-9A1E7A4F7556}") = "Test", "Test\Test.csproj", "{77B27BA3-FAB2-4D3D-A2ED-FB2D8BAAE8AB}"
EndProject
Global
	GlobalSection(SolutionConfigurationPlatforms) = preSolution
		Debug|Any CPU = Debug|Any CPU
		Release|Any CPU = Release|Any CPU
	EndGlobalSection
	GlobalSection(ProjectConfigurationPlatforms) = postSolution
		{127F07A8-1804-4720-B6EB-EA453CBEDBBC}.Debug|Any CPU.ActiveCfg = Debug|Any CPU
		{127F07A8-1804-4720-B6EB-EA453CBEDBBC}.Debug|Any CPU.Build.0 = Debug|Any CPU
		{127F07A8-1804-4720-B6EB-EA453CBEDBBC}.Release|Any CPU.ActiveCfg = Release|Any CPU
		{127F07A8-1804-4720-B6EB-EA453CBEDBBC}.Release|Any CPU.Build.0 = Release|Any CPU
		{77B27BA3-FAB2-4D3D-A2ED-FB2D8BAAE8AB}.Debug|Any CPU.ActiveCfg = Debug|Any CPU
		{77B27BA3-FAB2-4D3D-A2ED-FB2D8BAAE8AB}.Debug|Any CPU.Build.0 = Debug|Any CPU
		{77B27BA3-FAB2-4D3D-A2ED-FB2D8BAAE8AB}.Release|Any CPU.ActiveCfg = Release|Any CPU
		{77B27BA3-FAB2-4D3D-A2ED-FB2D8BAAE8AB}.Release|Any CPU.Build.0 = Release|Any CPU
	EndGlobalSection
	GlobalSection(SolutionProperties) = preSolution
		HideSolutionNode = FALSE
	EndGlobalSection
	GlobalSection(ExtensibilityGlobals) = postSolution
		SolutionGuid = {6B96451B-8D53-449A-9C7B-D0A19E1A89D2}
	EndGlobalSection
EndGlobal
